<Solution>
  <Project Path="Api/Api.csproj" />
  <Project Path="Application/Application.csproj" />
  <Project Path="Domain/Domain.csproj" />
  <Project Path="Infrastructure/Infrastructure.csproj" />
  <Project Path="Tests/IntegrationTests/IntegrationTests.csproj" Id="c43ffe07-f0f9-4d10-863b-318db8fd5719" />
  <Project Path="Tests/UnitTests/UnitTests.csproj" Id="bf6f1065-86e2-4f93-9a29-a6b3f7410935" />
</Solution>
